// !$*UTF8*$!
{
	archiveVersion = 1;
	classes = {
	};
	objectVersion = 48;
	objects = {

/* Begin PBXBuildFile section */
		13A8E84C6BB3A3D1A14AD46B /* Pods_SimpleCMSUITests.framework in Frameworks */ = {isa = PBXBuildFile; fileRef = 1EFC8E7E3DC6C1624B95D15E /* Pods_SimpleCMSUITests.framework */; };
		6E0B6072211CC387005623AB /* LabelAndTextFieldTableViewCell.swift in Sources */ = {isa = PBXBuildFile; fileRef = 6E0B6071211CC387005623AB /* LabelAndTextFieldTableViewCell.swift */; };
		6E36E86A21204B2F00C22ED8 /* MonumentViewModel.swift in Sources */ = {isa = PBXBuildFile; fileRef = 6E36E86921204B2F00C22ED8 /* MonumentViewModel.swift */; };
		6E36E86C2120701900C22ED8 /* Rights.swift in Sources */ = {isa = PBXBuildFile; fileRef = 6E36E86B2120701900C22ED8 /* Rights.swift */; };
		6E36E86E212072E000C22ED8 /* HeritageIdentification.swift in Sources */ = {isa = PBXBuildFile; fileRef = 6E36E86D212072E000C22ED8 /* HeritageIdentification.swift */; };
		6E36E87021207C0F00C22ED8 /* ObjectCharacteristics.swift in Sources */ = {isa = PBXBuildFile; fileRef = 6E36E86F21207C0F00C22ED8 /* ObjectCharacteristics.swift */; };
		6E3FAB8D211B6D6200454E24 /* ArtefactDetailViewController.swift in Sources */ = {isa = PBXBuildFile; fileRef = 6E3FAB8C211B6D6200454E24 /* ArtefactDetailViewController.swift */; };
		6E4DD1CC211D620A00E70F3E /* HeritageViewModel.swift in Sources */ = {isa = PBXBuildFile; fileRef = 6E4DD1CB211D620A00E70F3E /* HeritageViewModel.swift */; };
		6E4DD1D1211E06C600E70F3E /* HeritagetableView.swift in Sources */ = {isa = PBXBuildFile; fileRef = 6E4DD1D0211E06C600E70F3E /* HeritagetableView.swift */; };
		6E4DD1D3211E333200E70F3E /* MonumentDetailViewController.swift in Sources */ = {isa = PBXBuildFile; fileRef = 6E4DD1D2211E333200E70F3E /* MonumentDetailViewController.swift */; };
		6E4DD1D5211E337000E70F3E /* HeritageDetailViewController.swift in Sources */ = {isa = PBXBuildFile; fileRef = 6E4DD1D4211E337000E70F3E /* HeritageDetailViewController.swift */; };
		6E4DD1D7211EF11E00E70F3E /* FindDetailViewController.swift in Sources */ = {isa = PBXBuildFile; fileRef = 6E4DD1D6211EF11E00E70F3E /* FindDetailViewController.swift */; };
		6E4DD1DA211EF36300E70F3E /* PublicationDetailViewController.swift in Sources */ = {isa = PBXBuildFile; fileRef = 6E4DD1D9211EF36300E70F3E /* PublicationDetailViewController.swift */; };
		6E4DD1DC211F303300E70F3E /* ArtefactViewModel.swift in Sources */ = {isa = PBXBuildFile; fileRef = 6E4DD1DB211F303300E70F3E /* ArtefactViewModel.swift */; };
		6E4DD1DE211F352D00E70F3E /* PublicationViewModel.swift in Sources */ = {isa = PBXBuildFile; fileRef = 6E4DD1DD211F352D00E70F3E /* PublicationViewModel.swift */; };
		6E4DD1E0211F36EE00E70F3E /* FindViewModel.swift in Sources */ = {isa = PBXBuildFile; fileRef = 6E4DD1DF211F36EE00E70F3E /* FindViewModel.swift */; };
		6E4FD1E42112D80600AC719E /* HeritageCollectionTableViewController.swift in Sources */ = {isa = PBXBuildFile; fileRef = 6E4FD1E32112D80600AC719E /* HeritageCollectionTableViewController.swift */; };
		6E4FD1E62112D83B00AC719E /* AddHeritageObjectViewController.swift in Sources */ = {isa = PBXBuildFile; fileRef = 6E4FD1E52112D83B00AC719E /* AddHeritageObjectViewController.swift */; };
		6E9B6424211190480028D0C4 /* HeritageObjectCategory.swift in Sources */ = {isa = PBXBuildFile; fileRef = 6E9B6423211190480028D0C4 /* HeritageObjectCategory.swift */; };
		6E9B6427211211EC0028D0C4 /* ObjectDimension.swift in Sources */ = {isa = PBXBuildFile; fileRef = 6E9B6426211211EC0028D0C4 /* ObjectDimension.swift */; };
		6EF60BFF2118E22800531428 /* Publication.swift in Sources */ = {isa = PBXBuildFile; fileRef = 6EF60BFE2118E22800531428 /* Publication.swift */; };
		6EF89CA92119B0E600F785FB /* MetalDetectingFind.swift in Sources */ = {isa = PBXBuildFile; fileRef = 6EF89CA82119B0E600F785FB /* MetalDetectingFind.swift */; };
		6EF89CAB2119E89900F785FB /* Monument.swift in Sources */ = {isa = PBXBuildFile; fileRef = 6EF89CAA2119E89900F785FB /* Monument.swift */; };
		6EF89CAF2119ED9900F785FB /* Artefact.swift in Sources */ = {isa = PBXBuildFile; fileRef = 6EF89CAE2119ED9900F785FB /* Artefact.swift */; };
		6EF89CB12119EF0800F785FB /* Acquisition.swift in Sources */ = {isa = PBXBuildFile; fileRef = 6EF89CB02119EF0800F785FB /* Acquisition.swift */; };
		6EF89CB32119F00200F785FB /* ObjectCreation.swift in Sources */ = {isa = PBXBuildFile; fileRef = 6EF89CB22119F00200F785FB /* ObjectCreation.swift */; };
		6EF89CB72119F09400F785FB /* Location.swift in Sources */ = {isa = PBXBuildFile; fileRef = 6EF89CB62119F09400F785FB /* Location.swift */; };
		6EFA83D9210E006D002E305D /* AppDelegate.swift in Sources */ = {isa = PBXBuildFile; fileRef = 6EFA83D8210E006D002E305D /* AppDelegate.swift */; };
		6EFA83DE210E006D002E305D /* Main.storyboard in Resources */ = {isa = PBXBuildFile; fileRef = 6EFA83DC210E006D002E305D /* Main.storyboard */; };
		6EFA83E1210E006D002E305D /* SimpleCMS.xcdatamodeld in Sources */ = {isa = PBXBuildFile; fileRef = 6EFA83DF210E006D002E305D /* SimpleCMS.xcdatamodeld */; };
		6EFA83E6210E006D002E305D /* LaunchScreen.storyboard in Resources */ = {isa = PBXBuildFile; fileRef = 6EFA83E4210E006D002E305D /* LaunchScreen.storyboard */; };
		6EFA83F1210E006D002E305D /* SimpleCMSTests.swift in Sources */ = {isa = PBXBuildFile; fileRef = 6EFA83F0210E006D002E305D /* SimpleCMSTests.swift */; };
		6EFA83FC210E006D002E305D /* SimpleCMSUITests.swift in Sources */ = {isa = PBXBuildFile; fileRef = 6EFA83FB210E006D002E305D /* SimpleCMSUITests.swift */; };
		6EFA840B210E07FA002E305D /* HeritageObject.swift in Sources */ = {isa = PBXBuildFile; fileRef = 6EFA840A210E07FA002E305D /* HeritageObject.swift */; };
		6EFDFF8B2114627F00B4D171 /* assets.xcassets in Resources */ = {isa = PBXBuildFile; fileRef = 6EFDFF8A2114627F00B4D171 /* assets.xcassets */; };
		6EFDFF8D2114B69C00B4D171 /* HeritageObjectTableViewCell.swift in Sources */ = {isa = PBXBuildFile; fileRef = 6EFDFF8C2114B69C00B4D171 /* HeritageObjectTableViewCell.swift */; };
		6EFDFF8F2114EBC000B4D171 /* Seeder.swift in Sources */ = {isa = PBXBuildFile; fileRef = 6EFDFF8E2114EBC000B4D171 /* Seeder.swift */; };
		B8E528629F178AC96C21372F /* Pods_SimpleCMS.framework in Frameworks */ = {isa = PBXBuildFile; fileRef = E8576F32D59E66E6305706CF /* Pods_SimpleCMS.framework */; };
		FD041CF999677A69636F38AA /* Pods_SimpleCMSTests.framework in Frameworks */ = {isa = PBXBuildFile; fileRef = 116538EFCB2D546F896EDCEB /* Pods_SimpleCMSTests.framework */; };
/* End PBXBuildFile section */

/* Begin PBXContainerItemProxy section */
		6EFA83ED210E006D002E305D /* PBXContainerItemProxy */ = {
			isa = PBXContainerItemProxy;
			containerPortal = 6EFA83CD210E006D002E305D /* Project object */;
			proxyType = 1;
			remoteGlobalIDString = 6EFA83D4210E006D002E305D;
			remoteInfo = SimpleCMS;
		};
		6EFA83F8210E006D002E305D /* PBXContainerItemProxy */ = {
			isa = PBXContainerItemProxy;
			containerPortal = 6EFA83CD210E006D002E305D /* Project object */;
			proxyType = 1;
			remoteGlobalIDString = 6EFA83D4210E006D002E305D;
			remoteInfo = SimpleCMS;
		};
/* End PBXContainerItemProxy section */

/* Begin PBXFileReference section */
		116538EFCB2D546F896EDCEB /* Pods_SimpleCMSTests.framework */ = {isa = PBXFileReference; explicitFileType = wrapper.framework; includeInIndex = 0; path = Pods_SimpleCMSTests.framework; sourceTree = BUILT_PRODUCTS_DIR; };
		1CB9335689E0B19A43EA8682 /* Pods-SimpleCMSTests.debug.xcconfig */ = {isa = PBXFileReference; includeInIndex = 1; lastKnownFileType = text.xcconfig; name = "Pods-SimpleCMSTests.debug.xcconfig"; path = "Pods/Target Support Files/Pods-SimpleCMSTests/Pods-SimpleCMSTests.debug.xcconfig"; sourceTree = "<group>"; };
		1EFC8E7E3DC6C1624B95D15E /* Pods_SimpleCMSUITests.framework */ = {isa = PBXFileReference; explicitFileType = wrapper.framework; includeInIndex = 0; path = Pods_SimpleCMSUITests.framework; sourceTree = BUILT_PRODUCTS_DIR; };
		4EC064F4B3D306A82E7A214A /* Pods-SimpleCMSUITests.release.xcconfig */ = {isa = PBXFileReference; includeInIndex = 1; lastKnownFileType = text.xcconfig; name = "Pods-SimpleCMSUITests.release.xcconfig"; path = "Pods/Target Support Files/Pods-SimpleCMSUITests/Pods-SimpleCMSUITests.release.xcconfig"; sourceTree = "<group>"; };
		6E0B6071211CC387005623AB /* LabelAndTextFieldTableViewCell.swift */ = {isa = PBXFileReference; lastKnownFileType = sourcecode.swift; path = LabelAndTextFieldTableViewCell.swift; sourceTree = "<group>"; };
		6E36E86921204B2F00C22ED8 /* MonumentViewModel.swift */ = {isa = PBXFileReference; lastKnownFileType = sourcecode.swift; path = MonumentViewModel.swift; sourceTree = "<group>"; };
		6E36E86B2120701900C22ED8 /* Rights.swift */ = {isa = PBXFileReference; lastKnownFileType = sourcecode.swift; path = Rights.swift; sourceTree = "<group>"; };
		6E36E86D212072E000C22ED8 /* HeritageIdentification.swift */ = {isa = PBXFileReference; lastKnownFileType = sourcecode.swift; path = HeritageIdentification.swift; sourceTree = "<group>"; };
		6E36E86F21207C0F00C22ED8 /* ObjectCharacteristics.swift */ = {isa = PBXFileReference; lastKnownFileType = sourcecode.swift; path = ObjectCharacteristics.swift; sourceTree = "<group>"; };
		6E3FAB8C211B6D6200454E24 /* ArtefactDetailViewController.swift */ = {isa = PBXFileReference; lastKnownFileType = sourcecode.swift; path = ArtefactDetailViewController.swift; sourceTree = "<group>"; };
		6E4DD1CB211D620A00E70F3E /* HeritageViewModel.swift */ = {isa = PBXFileReference; lastKnownFileType = sourcecode.swift; path = HeritageViewModel.swift; sourceTree = "<group>"; };
		6E4DD1D0211E06C600E70F3E /* HeritagetableView.swift */ = {isa = PBXFileReference; lastKnownFileType = sourcecode.swift; path = HeritagetableView.swift; sourceTree = "<group>"; };
		6E4DD1D2211E333200E70F3E /* MonumentDetailViewController.swift */ = {isa = PBXFileReference; lastKnownFileType = sourcecode.swift; path = MonumentDetailViewController.swift; sourceTree = "<group>"; };
		6E4DD1D4211E337000E70F3E /* HeritageDetailViewController.swift */ = {isa = PBXFileReference; lastKnownFileType = sourcecode.swift; path = HeritageDetailViewController.swift; sourceTree = "<group>"; };
		6E4DD1D6211EF11E00E70F3E /* FindDetailViewController.swift */ = {isa = PBXFileReference; lastKnownFileType = sourcecode.swift; path = FindDetailViewController.swift; sourceTree = "<group>"; };
		6E4DD1D9211EF36300E70F3E /* PublicationDetailViewController.swift */ = {isa = PBXFileReference; lastKnownFileType = sourcecode.swift; path = PublicationDetailViewController.swift; sourceTree = "<group>"; };
		6E4DD1DB211F303300E70F3E /* ArtefactViewModel.swift */ = {isa = PBXFileReference; lastKnownFileType = sourcecode.swift; path = ArtefactViewModel.swift; sourceTree = "<group>"; };
		6E4DD1DD211F352D00E70F3E /* PublicationViewModel.swift */ = {isa = PBXFileReference; lastKnownFileType = sourcecode.swift; path = PublicationViewModel.swift; sourceTree = "<group>"; };
		6E4DD1DF211F36EE00E70F3E /* FindViewModel.swift */ = {isa = PBXFileReference; lastKnownFileType = sourcecode.swift; path = FindViewModel.swift; sourceTree = "<group>"; };
		6E4FD1E32112D80600AC719E /* HeritageCollectionTableViewController.swift */ = {isa = PBXFileReference; lastKnownFileType = sourcecode.swift; path = HeritageCollectionTableViewController.swift; sourceTree = "<group>"; };
		6E4FD1E52112D83B00AC719E /* AddHeritageObjectViewController.swift */ = {isa = PBXFileReference; lastKnownFileType = sourcecode.swift; path = AddHeritageObjectViewController.swift; sourceTree = "<group>"; };
		6E9B6423211190480028D0C4 /* HeritageObjectCategory.swift */ = {isa = PBXFileReference; lastKnownFileType = sourcecode.swift; path = HeritageObjectCategory.swift; sourceTree = "<group>"; };
		6E9B642521120CF40028D0C4 /* Opzet.md */ = {isa = PBXFileReference; lastKnownFileType = net.daringfireball.markdown; path = Opzet.md; sourceTree = "<group>"; };
		6E9B6426211211EC0028D0C4 /* ObjectDimension.swift */ = {isa = PBXFileReference; lastKnownFileType = sourcecode.swift; path = ObjectDimension.swift; sourceTree = "<group>"; };
		6EF60BFE2118E22800531428 /* Publication.swift */ = {isa = PBXFileReference; lastKnownFileType = sourcecode.swift; path = Publication.swift; sourceTree = "<group>"; };
		6EF89CA82119B0E600F785FB /* MetalDetectingFind.swift */ = {isa = PBXFileReference; lastKnownFileType = sourcecode.swift; path = MetalDetectingFind.swift; sourceTree = "<group>"; };
		6EF89CAA2119E89900F785FB /* Monument.swift */ = {isa = PBXFileReference; lastKnownFileType = sourcecode.swift; path = Monument.swift; sourceTree = "<group>"; };
		6EF89CAE2119ED9900F785FB /* Artefact.swift */ = {isa = PBXFileReference; lastKnownFileType = sourcecode.swift; path = Artefact.swift; sourceTree = "<group>"; };
		6EF89CB02119EF0800F785FB /* Acquisition.swift */ = {isa = PBXFileReference; lastKnownFileType = sourcecode.swift; path = Acquisition.swift; sourceTree = "<group>"; };
		6EF89CB22119F00200F785FB /* ObjectCreation.swift */ = {isa = PBXFileReference; lastKnownFileType = sourcecode.swift; path = ObjectCreation.swift; sourceTree = "<group>"; };
		6EF89CB62119F09400F785FB /* Location.swift */ = {isa = PBXFileReference; lastKnownFileType = sourcecode.swift; path = Location.swift; sourceTree = "<group>"; };
		6EFA83D5210E006D002E305D /* SimpleCMS.app */ = {isa = PBXFileReference; explicitFileType = wrapper.application; includeInIndex = 0; path = SimpleCMS.app; sourceTree = BUILT_PRODUCTS_DIR; };
		6EFA83D8210E006D002E305D /* AppDelegate.swift */ = {isa = PBXFileReference; lastKnownFileType = sourcecode.swift; path = AppDelegate.swift; sourceTree = "<group>"; };
		6EFA83DD210E006D002E305D /* Base */ = {isa = PBXFileReference; lastKnownFileType = file.storyboard; name = Base; path = Base.lproj/Main.storyboard; sourceTree = "<group>"; };
		6EFA83E0210E006D002E305D /* SimpleCMS.xcdatamodel */ = {isa = PBXFileReference; lastKnownFileType = wrapper.xcdatamodel; path = SimpleCMS.xcdatamodel; sourceTree = "<group>"; };
		6EFA83E5210E006D002E305D /* Base */ = {isa = PBXFileReference; lastKnownFileType = file.storyboard; name = Base; path = Base.lproj/LaunchScreen.storyboard; sourceTree = "<group>"; };
		6EFA83E7210E006D002E305D /* Info.plist */ = {isa = PBXFileReference; lastKnownFileType = text.plist.xml; path = Info.plist; sourceTree = "<group>"; };
		6EFA83EC210E006D002E305D /* SimpleCMSTests.xctest */ = {isa = PBXFileReference; explicitFileType = wrapper.cfbundle; includeInIndex = 0; path = SimpleCMSTests.xctest; sourceTree = BUILT_PRODUCTS_DIR; };
		6EFA83F0210E006D002E305D /* SimpleCMSTests.swift */ = {isa = PBXFileReference; lastKnownFileType = sourcecode.swift; path = SimpleCMSTests.swift; sourceTree = "<group>"; };
		6EFA83F2210E006D002E305D /* Info.plist */ = {isa = PBXFileReference; lastKnownFileType = text.plist.xml; path = Info.plist; sourceTree = "<group>"; };
		6EFA83F7210E006D002E305D /* SimpleCMSUITests.xctest */ = {isa = PBXFileReference; explicitFileType = wrapper.cfbundle; includeInIndex = 0; path = SimpleCMSUITests.xctest; sourceTree = BUILT_PRODUCTS_DIR; };
		6EFA83FB210E006D002E305D /* SimpleCMSUITests.swift */ = {isa = PBXFileReference; lastKnownFileType = sourcecode.swift; path = SimpleCMSUITests.swift; sourceTree = "<group>"; };
		6EFA83FD210E006D002E305D /* Info.plist */ = {isa = PBXFileReference; lastKnownFileType = text.plist.xml; path = Info.plist; sourceTree = "<group>"; };
		6EFA840A210E07FA002E305D /* HeritageObject.swift */ = {isa = PBXFileReference; lastKnownFileType = sourcecode.swift; path = HeritageObject.swift; sourceTree = "<group>"; };
		6EFDFF8A2114627F00B4D171 /* assets.xcassets */ = {isa = PBXFileReference; lastKnownFileType = folder.assetcatalog; path = assets.xcassets; sourceTree = "<group>"; };
		6EFDFF8C2114B69C00B4D171 /* HeritageObjectTableViewCell.swift */ = {isa = PBXFileReference; lastKnownFileType = sourcecode.swift; path = HeritageObjectTableViewCell.swift; sourceTree = "<group>"; };
		6EFDFF8E2114EBC000B4D171 /* Seeder.swift */ = {isa = PBXFileReference; lastKnownFileType = sourcecode.swift; path = Seeder.swift; sourceTree = "<group>"; };
		7B15AA37FB33DCD503624E4D /* Pods-SimpleCMSTests.release.xcconfig */ = {isa = PBXFileReference; includeInIndex = 1; lastKnownFileType = text.xcconfig; name = "Pods-SimpleCMSTests.release.xcconfig"; path = "Pods/Target Support Files/Pods-SimpleCMSTests/Pods-SimpleCMSTests.release.xcconfig"; sourceTree = "<group>"; };
		811CC32CDCB44ECE92FF9030 /* Pods-SimpleCMS.debug.xcconfig */ = {isa = PBXFileReference; includeInIndex = 1; lastKnownFileType = text.xcconfig; name = "Pods-SimpleCMS.debug.xcconfig"; path = "Pods/Target Support Files/Pods-SimpleCMS/Pods-SimpleCMS.debug.xcconfig"; sourceTree = "<group>"; };
		AC5BF5F9E81031B6C17830CE /* Pods-SimpleCMS.release.xcconfig */ = {isa = PBXFileReference; includeInIndex = 1; lastKnownFileType = text.xcconfig; name = "Pods-SimpleCMS.release.xcconfig"; path = "Pods/Target Support Files/Pods-SimpleCMS/Pods-SimpleCMS.release.xcconfig"; sourceTree = "<group>"; };
		D015EB5DFD7F3C77E49A749E /* Pods-SimpleCMSUITests.debug.xcconfig */ = {isa = PBXFileReference; includeInIndex = 1; lastKnownFileType = text.xcconfig; name = "Pods-SimpleCMSUITests.debug.xcconfig"; path = "Pods/Target Support Files/Pods-SimpleCMSUITests/Pods-SimpleCMSUITests.debug.xcconfig"; sourceTree = "<group>"; };
		E8576F32D59E66E6305706CF /* Pods_SimpleCMS.framework */ = {isa = PBXFileReference; explicitFileType = wrapper.framework; includeInIndex = 0; path = Pods_SimpleCMS.framework; sourceTree = BUILT_PRODUCTS_DIR; };
/* End PBXFileReference section */

/* Begin PBXFrameworksBuildPhase section */
		6EFA83D2210E006D002E305D /* Frameworks */ = {
			isa = PBXFrameworksBuildPhase;
			buildActionMask = 2147483647;
			files = (
				B8E528629F178AC96C21372F /* Pods_SimpleCMS.framework in Frameworks */,
			);
			runOnlyForDeploymentPostprocessing = 0;
		};
		6EFA83E9210E006D002E305D /* Frameworks */ = {
			isa = PBXFrameworksBuildPhase;
			buildActionMask = 2147483647;
			files = (
				FD041CF999677A69636F38AA /* Pods_SimpleCMSTests.framework in Frameworks */,
			);
			runOnlyForDeploymentPostprocessing = 0;
		};
		6EFA83F4210E006D002E305D /* Frameworks */ = {
			isa = PBXFrameworksBuildPhase;
			buildActionMask = 2147483647;
			files = (
				13A8E84C6BB3A3D1A14AD46B /* Pods_SimpleCMSUITests.framework in Frameworks */,
			);
			runOnlyForDeploymentPostprocessing = 0;
		};
/* End PBXFrameworksBuildPhase section */

/* Begin PBXGroup section */
		2E5416103ED171743855C298 /* Pods */ = {
			isa = PBXGroup;
			children = (
				811CC32CDCB44ECE92FF9030 /* Pods-SimpleCMS.debug.xcconfig */,
				AC5BF5F9E81031B6C17830CE /* Pods-SimpleCMS.release.xcconfig */,
				1CB9335689E0B19A43EA8682 /* Pods-SimpleCMSTests.debug.xcconfig */,
				7B15AA37FB33DCD503624E4D /* Pods-SimpleCMSTests.release.xcconfig */,
				D015EB5DFD7F3C77E49A749E /* Pods-SimpleCMSUITests.debug.xcconfig */,
				4EC064F4B3D306A82E7A214A /* Pods-SimpleCMSUITests.release.xcconfig */,
			);
			name = Pods;
			sourceTree = "<group>";
		};
		6E04E401211AF5930054535F /* HeritageTypes */ = {
			isa = PBXGroup;
			children = (
				6EF89CAE2119ED9900F785FB /* Artefact.swift */,
				6EFA840A210E07FA002E305D /* HeritageObject.swift */,
				6EF60BFE2118E22800531428 /* Publication.swift */,
				6EF89CA82119B0E600F785FB /* MetalDetectingFind.swift */,
				6EF89CAA2119E89900F785FB /* Monument.swift */,
			);
			path = HeritageTypes;
			sourceTree = "<group>";
		};
		6E04E402211AF5AB0054535F /* HeritageCharacteristics */ = {
			isa = PBXGroup;
			children = (
				6E9B6423211190480028D0C4 /* HeritageObjectCategory.swift */,
				6E9B6426211211EC0028D0C4 /* ObjectDimension.swift */,
				6EF89CB22119F00200F785FB /* ObjectCreation.swift */,
				6EF89CB02119EF0800F785FB /* Acquisition.swift */,
				6EF89CB62119F09400F785FB /* Location.swift */,
				6E36E86B2120701900C22ED8 /* Rights.swift */,
				6E36E86D212072E000C22ED8 /* HeritageIdentification.swift */,
				6E36E86F21207C0F00C22ED8 /* ObjectCharacteristics.swift */,
			);
			path = HeritageCharacteristics;
			sourceTree = "<group>";
		};
		6E4DD1CD211D622700E70F3E /* ViewModel */ = {
			isa = PBXGroup;
			children = (
				6E4DD1CB211D620A00E70F3E /* HeritageViewModel.swift */,
				6E4DD1DB211F303300E70F3E /* ArtefactViewModel.swift */,
				6E36E86921204B2F00C22ED8 /* MonumentViewModel.swift */,
				6E4DD1DF211F36EE00E70F3E /* FindViewModel.swift */,
				6E4DD1DD211F352D00E70F3E /* PublicationViewModel.swift */,
			);
			path = ViewModel;
			sourceTree = "<group>";
		};
		6E4DD1D8211EF31B00E70F3E /* HeritageDetailViewControllers */ = {
			isa = PBXGroup;
			children = (
				6E3FAB8C211B6D6200454E24 /* ArtefactDetailViewController.swift */,
				6E4DD1D2211E333200E70F3E /* MonumentDetailViewController.swift */,
				6E4DD1D6211EF11E00E70F3E /* FindDetailViewController.swift */,
				6E4DD1D9211EF36300E70F3E /* PublicationDetailViewController.swift */,
			);
			path = HeritageDetailViewControllers;
			sourceTree = "<group>";
		};
		6E9B642021118D770028D0C4 /* Model */ = {
			isa = PBXGroup;
			children = (
				6E04E401211AF5930054535F /* HeritageTypes */,
				6E04E402211AF5AB0054535F /* HeritageCharacteristics */,
				6EFDFF8E2114EBC000B4D171 /* Seeder.swift */,
			);
			path = Model;
			sourceTree = "<group>";
		};
		6E9B642121118D840028D0C4 /* ViewControllers */ = {
			isa = PBXGroup;
			children = (
				6E4FD1E32112D80600AC719E /* HeritageCollectionTableViewController.swift */,
				6E4FD1E52112D83B00AC719E /* AddHeritageObjectViewController.swift */,
				6E4DD1D4211E337000E70F3E /* HeritageDetailViewController.swift */,
				6E4DD1D8211EF31B00E70F3E /* HeritageDetailViewControllers */,
			);
			path = ViewControllers;
			sourceTree = "<group>";
		};
		6E9B642221118D9B0028D0C4 /* Persistence */ = {
			isa = PBXGroup;
			children = (
				6EFA83DF210E006D002E305D /* SimpleCMS.xcdatamodeld */,
			);
			path = Persistence;
			sourceTree = "<group>";
		};
		6E9B6428211261CF0028D0C4 /* Views */ = {
			isa = PBXGroup;
			children = (
				6EFDFF8C2114B69C00B4D171 /* HeritageObjectTableViewCell.swift */,
				6E0B6071211CC387005623AB /* LabelAndTextFieldTableViewCell.swift */,
				6E4DD1D0211E06C600E70F3E /* HeritagetableView.swift */,
			);
			path = Views;
			sourceTree = "<group>";
		};
		6EFA83CC210E006D002E305D = {
			isa = PBXGroup;
			children = (
				6E9B642521120CF40028D0C4 /* Opzet.md */,
				6EFA83D7210E006D002E305D /* SimpleCMS */,
				6EFA83EF210E006D002E305D /* SimpleCMSTests */,
				6EFA83FA210E006D002E305D /* SimpleCMSUITests */,
				6EFA83D6210E006D002E305D /* Products */,
				2E5416103ED171743855C298 /* Pods */,
				90B728E3C5FB568C5C17A026 /* Frameworks */,
			);
			sourceTree = "<group>";
		};
		6EFA83D6210E006D002E305D /* Products */ = {
			isa = PBXGroup;
			children = (
				6EFA83D5210E006D002E305D /* SimpleCMS.app */,
				6EFA83EC210E006D002E305D /* SimpleCMSTests.xctest */,
				6EFA83F7210E006D002E305D /* SimpleCMSUITests.xctest */,
			);
			name = Products;
			sourceTree = "<group>";
		};
		6EFA83D7210E006D002E305D /* SimpleCMS */ = {
			isa = PBXGroup;
			children = (
				6EFA83DC210E006D002E305D /* Main.storyboard */,
				6E9B642021118D770028D0C4 /* Model */,
				6E4DD1CD211D622700E70F3E /* ViewModel */,
				6E9B642121118D840028D0C4 /* ViewControllers */,
				6E9B6428211261CF0028D0C4 /* Views */,
				6E9B642221118D9B0028D0C4 /* Persistence */,
				6EFA8409210E0788002E305D /* Supporting Files */,
				6EFA83E7210E006D002E305D /* Info.plist */,
			);
			path = SimpleCMS;
			sourceTree = "<group>";
		};
		6EFA83EF210E006D002E305D /* SimpleCMSTests */ = {
			isa = PBXGroup;
			children = (
				6EFA83F0210E006D002E305D /* SimpleCMSTests.swift */,
				6EFA83F2210E006D002E305D /* Info.plist */,
			);
			path = SimpleCMSTests;
			sourceTree = "<group>";
		};
		6EFA83FA210E006D002E305D /* SimpleCMSUITests */ = {
			isa = PBXGroup;
			children = (
				6EFA83FB210E006D002E305D /* SimpleCMSUITests.swift */,
				6EFA83FD210E006D002E305D /* Info.plist */,
			);
			path = SimpleCMSUITests;
			sourceTree = "<group>";
		};
		6EFA8409210E0788002E305D /* Supporting Files */ = {
			isa = PBXGroup;
			children = (
				6EFA83D8210E006D002E305D /* AppDelegate.swift */,
				6EFDFF8A2114627F00B4D171 /* assets.xcassets */,
				6EFA83E4210E006D002E305D /* LaunchScreen.storyboard */,
			);
			path = "Supporting Files";
			sourceTree = "<group>";
		};
		90B728E3C5FB568C5C17A026 /* Frameworks */ = {
			isa = PBXGroup;
			children = (
				E8576F32D59E66E6305706CF /* Pods_SimpleCMS.framework */,
				116538EFCB2D546F896EDCEB /* Pods_SimpleCMSTests.framework */,
				1EFC8E7E3DC6C1624B95D15E /* Pods_SimpleCMSUITests.framework */,
			);
			name = Frameworks;
			sourceTree = "<group>";
		};
/* End PBXGroup section */

/* Begin PBXNativeTarget section */
		6EFA83D4210E006D002E305D /* SimpleCMS */ = {
			isa = PBXNativeTarget;
			buildConfigurationList = 6EFA8400210E006D002E305D /* Build configuration list for PBXNativeTarget "SimpleCMS" */;
			buildPhases = (
				253E68C0722F554CFB9D0E2C /* [CP] Check Pods Manifest.lock */,
				6EFA83D1210E006D002E305D /* Sources */,
				6EFA83D2210E006D002E305D /* Frameworks */,
				6EFA83D3210E006D002E305D /* Resources */,
				CC23D8E7A9F208C64EB2F83D /* [CP] Embed Pods Frameworks */,
			);
			buildRules = (
			);
			dependencies = (
			);
			name = SimpleCMS;
			productName = SimpleCMS;
			productReference = 6EFA83D5210E006D002E305D /* SimpleCMS.app */;
			productType = "com.apple.product-type.application";
		};
		6EFA83EB210E006D002E305D /* SimpleCMSTests */ = {
			isa = PBXNativeTarget;
			buildConfigurationList = 6EFA8403210E006D002E305D /* Build configuration list for PBXNativeTarget "SimpleCMSTests" */;
			buildPhases = (
				CB945455DBB4E9DD0E532A12 /* [CP] Check Pods Manifest.lock */,
				6EFA83E8210E006D002E305D /* Sources */,
				6EFA83E9210E006D002E305D /* Frameworks */,
				6EFA83EA210E006D002E305D /* Resources */,
			);
			buildRules = (
			);
			dependencies = (
				6EFA83EE210E006D002E305D /* PBXTargetDependency */,
			);
			name = SimpleCMSTests;
			productName = SimpleCMSTests;
			productReference = 6EFA83EC210E006D002E305D /* SimpleCMSTests.xctest */;
			productType = "com.apple.product-type.bundle.unit-test";
		};
		6EFA83F6210E006D002E305D /* SimpleCMSUITests */ = {
			isa = PBXNativeTarget;
			buildConfigurationList = 6EFA8406210E006D002E305D /* Build configuration list for PBXNativeTarget "SimpleCMSUITests" */;
			buildPhases = (
				D05A4484F65FC278A9A13B60 /* [CP] Check Pods Manifest.lock */,
				6EFA83F3210E006D002E305D /* Sources */,
				6EFA83F4210E006D002E305D /* Frameworks */,
				6EFA83F5210E006D002E305D /* Resources */,
			);
			buildRules = (
			);
			dependencies = (
				6EFA83F9210E006D002E305D /* PBXTargetDependency */,
			);
			name = SimpleCMSUITests;
			productName = SimpleCMSUITests;
			productReference = 6EFA83F7210E006D002E305D /* SimpleCMSUITests.xctest */;
			productType = "com.apple.product-type.bundle.ui-testing";
		};
/* End PBXNativeTarget section */

/* Begin PBXProject section */
		6EFA83CD210E006D002E305D /* Project object */ = {
			isa = PBXProject;
			attributes = {
				LastSwiftUpdateCheck = 0900;
				LastUpgradeCheck = 0940;
				ORGANIZATIONNAME = "Nastasia Vanderperren";
				TargetAttributes = {
					6EFA83D4210E006D002E305D = {
						CreatedOnToolsVersion = 9.0;
						ProvisioningStyle = Automatic;
					};
					6EFA83EB210E006D002E305D = {
						CreatedOnToolsVersion = 9.0;
						ProvisioningStyle = Automatic;
						TestTargetID = 6EFA83D4210E006D002E305D;
					};
					6EFA83F6210E006D002E305D = {
						CreatedOnToolsVersion = 9.0;
						ProvisioningStyle = Automatic;
						TestTargetID = 6EFA83D4210E006D002E305D;
					};
				};
			};
			buildConfigurationList = 6EFA83D0210E006D002E305D /* Build configuration list for PBXProject "SimpleCMS" */;
			compatibilityVersion = "Xcode 8.0";
			developmentRegion = en;
			hasScannedForEncodings = 0;
			knownRegions = (
				en,
				Base,
			);
			mainGroup = 6EFA83CC210E006D002E305D;
			productRefGroup = 6EFA83D6210E006D002E305D /* Products */;
			projectDirPath = "";
			projectRoot = "";
			targets = (
				6EFA83D4210E006D002E305D /* SimpleCMS */,
				6EFA83EB210E006D002E305D /* SimpleCMSTests */,
				6EFA83F6210E006D002E305D /* SimpleCMSUITests */,
			);
		};
/* End PBXProject section */

/* Begin PBXResourcesBuildPhase section */
		6EFA83D3210E006D002E305D /* Resources */ = {
			isa = PBXResourcesBuildPhase;
			buildActionMask = 2147483647;
			files = (
				6EFA83E6210E006D002E305D /* LaunchScreen.storyboard in Resources */,
				6EFA83DE210E006D002E305D /* Main.storyboard in Resources */,
				6EFDFF8B2114627F00B4D171 /* assets.xcassets in Resources */,
			);
			runOnlyForDeploymentPostprocessing = 0;
		};
		6EFA83EA210E006D002E305D /* Resources */ = {
			isa = PBXResourcesBuildPhase;
			buildActionMask = 2147483647;
			files = (
			);
			runOnlyForDeploymentPostprocessing = 0;
		};
		6EFA83F5210E006D002E305D /* Resources */ = {
			isa = PBXResourcesBuildPhase;
			buildActionMask = 2147483647;
			files = (
			);
			runOnlyForDeploymentPostprocessing = 0;
		};
/* End PBXResourcesBuildPhase section */

/* Begin PBXShellScriptBuildPhase section */
		253E68C0722F554CFB9D0E2C /* [CP] Check Pods Manifest.lock */ = {
			isa = PBXShellScriptBuildPhase;
			buildActionMask = 2147483647;
			files = (
			);
			inputPaths = (
				"${PODS_PODFILE_DIR_PATH}/Podfile.lock",
				"${PODS_ROOT}/Manifest.lock",
			);
			name = "[CP] Check Pods Manifest.lock";
			outputPaths = (
				"$(DERIVED_FILE_DIR)/Pods-SimpleCMS-checkManifestLockResult.txt",
			);
			runOnlyForDeploymentPostprocessing = 0;
			shellPath = /bin/sh;
			shellScript = "diff \"${PODS_PODFILE_DIR_PATH}/Podfile.lock\" \"${PODS_ROOT}/Manifest.lock\" > /dev/null\nif [ $? != 0 ] ; then\n    # print error to STDERR\n    echo \"error: The sandbox is not in sync with the Podfile.lock. Run 'pod install' or update your CocoaPods installation.\" >&2\n    exit 1\nfi\n# This output is used by Xcode 'outputs' to avoid re-running this script phase.\necho \"SUCCESS\" > \"${SCRIPT_OUTPUT_FILE_0}\"\n";
			showEnvVarsInLog = 0;
		};
		CB945455DBB4E9DD0E532A12 /* [CP] Check Pods Manifest.lock */ = {
			isa = PBXShellScriptBuildPhase;
			buildActionMask = 2147483647;
			files = (
			);
			inputPaths = (
				"${PODS_PODFILE_DIR_PATH}/Podfile.lock",
				"${PODS_ROOT}/Manifest.lock",
			);
			name = "[CP] Check Pods Manifest.lock";
			outputPaths = (
				"$(DERIVED_FILE_DIR)/Pods-SimpleCMSTests-checkManifestLockResult.txt",
			);
			runOnlyForDeploymentPostprocessing = 0;
			shellPath = /bin/sh;
			shellScript = "diff \"${PODS_PODFILE_DIR_PATH}/Podfile.lock\" \"${PODS_ROOT}/Manifest.lock\" > /dev/null\nif [ $? != 0 ] ; then\n    # print error to STDERR\n    echo \"error: The sandbox is not in sync with the Podfile.lock. Run 'pod install' or update your CocoaPods installation.\" >&2\n    exit 1\nfi\n# This output is used by Xcode 'outputs' to avoid re-running this script phase.\necho \"SUCCESS\" > \"${SCRIPT_OUTPUT_FILE_0}\"\n";
			showEnvVarsInLog = 0;
		};
		CC23D8E7A9F208C64EB2F83D /* [CP] Embed Pods Frameworks */ = {
			isa = PBXShellScriptBuildPhase;
			buildActionMask = 2147483647;
			files = (
			);
			inputPaths = (
				"${SRCROOT}/Pods/Target Support Files/Pods-SimpleCMS/Pods-SimpleCMS-frameworks.sh",
				"${BUILT_PRODUCTS_DIR}/Realm/Realm.framework",
				"${BUILT_PRODUCTS_DIR}/RealmSwift/RealmSwift.framework",
			);
			name = "[CP] Embed Pods Frameworks";
			outputPaths = (
				"${TARGET_BUILD_DIR}/${FRAMEWORKS_FOLDER_PATH}/Realm.framework",
				"${TARGET_BUILD_DIR}/${FRAMEWORKS_FOLDER_PATH}/RealmSwift.framework",
			);
			runOnlyForDeploymentPostprocessing = 0;
			shellPath = /bin/sh;
			shellScript = "\"${SRCROOT}/Pods/Target Support Files/Pods-SimpleCMS/Pods-SimpleCMS-frameworks.sh\"\n";
			showEnvVarsInLog = 0;
		};
		D05A4484F65FC278A9A13B60 /* [CP] Check Pods Manifest.lock */ = {
			isa = PBXShellScriptBuildPhase;
			buildActionMask = 2147483647;
			files = (
			);
			inputPaths = (
				"${PODS_PODFILE_DIR_PATH}/Podfile.lock",
				"${PODS_ROOT}/Manifest.lock",
			);
			name = "[CP] Check Pods Manifest.lock";
			outputPaths = (
				"$(DERIVED_FILE_DIR)/Pods-SimpleCMSUITests-checkManifestLockResult.txt",
			);
			runOnlyForDeploymentPostprocessing = 0;
			shellPath = /bin/sh;
			shellScript = "diff \"${PODS_PODFILE_DIR_PATH}/Podfile.lock\" \"${PODS_ROOT}/Manifest.lock\" > /dev/null\nif [ $? != 0 ] ; then\n    # print error to STDERR\n    echo \"error: The sandbox is not in sync with the Podfile.lock. Run 'pod install' or update your CocoaPods installation.\" >&2\n    exit 1\nfi\n# This output is used by Xcode 'outputs' to avoid re-running this script phase.\necho \"SUCCESS\" > \"${SCRIPT_OUTPUT_FILE_0}\"\n";
			showEnvVarsInLog = 0;
		};
/* End PBXShellScriptBuildPhase section */

/* Begin PBXSourcesBuildPhase section */
		6EFA83D1210E006D002E305D /* Sources */ = {
			isa = PBXSourcesBuildPhase;
			buildActionMask = 2147483647;
			files = (
				6E4DD1D3211E333200E70F3E /* MonumentDetailViewController.swift in Sources */,
				6E36E86A21204B2F00C22ED8 /* MonumentViewModel.swift in Sources */,
				6EF89CAB2119E89900F785FB /* Monument.swift in Sources */,
				6E4FD1E62112D83B00AC719E /* AddHeritageObjectViewController.swift in Sources */,
				6E4DD1DE211F352D00E70F3E /* PublicationViewModel.swift in Sources */,
				6EF89CB72119F09400F785FB /* Location.swift in Sources */,
				6E4DD1E0211F36EE00E70F3E /* FindViewModel.swift in Sources */,
				6E4DD1DA211EF36300E70F3E /* PublicationDetailViewController.swift in Sources */,
				6EFA83E1210E006D002E305D /* SimpleCMS.xcdatamodeld in Sources */,
				6E4DD1D1211E06C600E70F3E /* HeritagetableView.swift in Sources */,
				6E36E86E212072E000C22ED8 /* HeritageIdentification.swift in Sources */,
				6E4DD1DC211F303300E70F3E /* ArtefactViewModel.swift in Sources */,
				6E4DD1CC211D620A00E70F3E /* HeritageViewModel.swift in Sources */,
				6E36E86C2120701900C22ED8 /* Rights.swift in Sources */,
				6EF89CA92119B0E600F785FB /* MetalDetectingFind.swift in Sources */,
				6EFDFF8F2114EBC000B4D171 /* Seeder.swift in Sources */,
				6E0B6072211CC387005623AB /* LabelAndTextFieldTableViewCell.swift in Sources */,
				6EF60BFF2118E22800531428 /* Publication.swift in Sources */,
				6EF89CB32119F00200F785FB /* ObjectCreation.swift in Sources */,
				6EFA83D9210E006D002E305D /* AppDelegate.swift in Sources */,
				6EF89CB12119EF0800F785FB /* Acquisition.swift in Sources */,
				6E4DD1D7211EF11E00E70F3E /* FindDetailViewController.swift in Sources */,
				6E9B6427211211EC0028D0C4 /* ObjectDimension.swift in Sources */,
				6EF89CAF2119ED9900F785FB /* Artefact.swift in Sources */,
				6E3FAB8D211B6D6200454E24 /* ArtefactDetailViewController.swift in Sources */,
				6EFA840B210E07FA002E305D /* HeritageObject.swift in Sources */,
				6EFDFF8D2114B69C00B4D171 /* HeritageObjectTableViewCell.swift in Sources */,
				6E4FD1E42112D80600AC719E /* HeritageCollectionTableViewController.swift in Sources */,
				6E4DD1D5211E337000E70F3E /* HeritageDetailViewController.swift in Sources */,
				6E36E87021207C0F00C22ED8 /* ObjectCharacteristics.swift in Sources */,
				6E9B6424211190480028D0C4 /* HeritageObjectCategory.swift in Sources */,
			);
			runOnlyForDeploymentPostprocessing = 0;
		};
		6EFA83E8210E006D002E305D /* Sources */ = {
			isa = PBXSourcesBuildPhase;
			buildActionMask = 2147483647;
			files = (
				6EFA83F1210E006D002E305D /* SimpleCMSTests.swift in Sources */,
			);
			runOnlyForDeploymentPostprocessing = 0;
		};
		6EFA83F3210E006D002E305D /* Sources */ = {
			isa = PBXSourcesBuildPhase;
			buildActionMask = 2147483647;
			files = (
				6EFA83FC210E006D002E305D /* SimpleCMSUITests.swift in Sources */,
			);
			runOnlyForDeploymentPostprocessing = 0;
		};
/* End PBXSourcesBuildPhase section */

/* Begin PBXTargetDependency section */
		6EFA83EE210E006D002E305D /* PBXTargetDependency */ = {
			isa = PBXTargetDependency;
			target = 6EFA83D4210E006D002E305D /* SimpleCMS */;
			targetProxy = 6EFA83ED210E006D002E305D /* PBXContainerItemProxy */;
		};
		6EFA83F9210E006D002E305D /* PBXTargetDependency */ = {
			isa = PBXTargetDependency;
			target = 6EFA83D4210E006D002E305D /* SimpleCMS */;
			targetProxy = 6EFA83F8210E006D002E305D /* PBXContainerItemProxy */;
		};
/* End PBXTargetDependency section */

/* Begin PBXVariantGroup section */
		6EFA83DC210E006D002E305D /* Main.storyboard */ = {
			isa = PBXVariantGroup;
			children = (
				6EFA83DD210E006D002E305D /* Base */,
			);
			name = Main.storyboard;
			sourceTree = "<group>";
		};
		6EFA83E4210E006D002E305D /* LaunchScreen.storyboard */ = {
			isa = PBXVariantGroup;
			children = (
				6EFA83E5210E006D002E305D /* Base */,
			);
			name = LaunchScreen.storyboard;
			sourceTree = "<group>";
		};
/* End PBXVariantGroup section */

/* Begin XCBuildConfiguration section */
		6EFA83FE210E006D002E305D /* Debug */ = {
			isa = XCBuildConfiguration;
			buildSettings = {
				ALWAYS_SEARCH_USER_PATHS = NO;
				CLANG_ANALYZER_NONNULL = YES;
				CLANG_ANALYZER_NUMBER_OBJECT_CONVERSION = YES_AGGRESSIVE;
				CLANG_CXX_LANGUAGE_STANDARD = "gnu++14";
				CLANG_CXX_LIBRARY = "libc++";
				CLANG_ENABLE_MODULES = YES;
				CLANG_ENABLE_OBJC_ARC = YES;
				CLANG_WARN_BLOCK_CAPTURE_AUTORELEASING = YES;
				CLANG_WARN_BOOL_CONVERSION = YES;
				CLANG_WARN_COMMA = YES;
				CLANG_WARN_CONSTANT_CONVERSION = YES;
				CLANG_WARN_DEPRECATED_OBJC_IMPLEMENTATIONS = YES;
				CLANG_WARN_DIRECT_OBJC_ISA_USAGE = YES_ERROR;
				CLANG_WARN_DOCUMENTATION_COMMENTS = YES;
				CLANG_WARN_EMPTY_BODY = YES;
				CLANG_WARN_ENUM_CONVERSION = YES;
				CLANG_WARN_INFINITE_RECURSION = YES;
				CLANG_WARN_INT_CONVERSION = YES;
				CLANG_WARN_NON_LITERAL_NULL_CONVERSION = YES;
				CLANG_WARN_OBJC_IMPLICIT_RETAIN_SELF = YES;
				CLANG_WARN_OBJC_LITERAL_CONVERSION = YES;
				CLANG_WARN_OBJC_ROOT_CLASS = YES_ERROR;
				CLANG_WARN_RANGE_LOOP_ANALYSIS = YES;
				CLANG_WARN_STRICT_PROTOTYPES = YES;
				CLANG_WARN_SUSPICIOUS_MOVE = YES;
				CLANG_WARN_UNGUARDED_AVAILABILITY = YES_AGGRESSIVE;
				CLANG_WARN_UNREACHABLE_CODE = YES;
				CLANG_WARN__DUPLICATE_METHOD_MATCH = YES;
				CODE_SIGN_IDENTITY = "iPhone Developer";
				COPY_PHASE_STRIP = NO;
				DEBUG_INFORMATION_FORMAT = dwarf;
				ENABLE_STRICT_OBJC_MSGSEND = YES;
				ENABLE_TESTABILITY = YES;
				GCC_C_LANGUAGE_STANDARD = gnu11;
				GCC_DYNAMIC_NO_PIC = NO;
				GCC_NO_COMMON_BLOCKS = YES;
				GCC_OPTIMIZATION_LEVEL = 0;
				GCC_PREPROCESSOR_DEFINITIONS = (
					"DEBUG=1",
					"$(inherited)",
				);
				GCC_WARN_64_TO_32_BIT_CONVERSION = YES;
				GCC_WARN_ABOUT_RETURN_TYPE = YES_ERROR;
				GCC_WARN_UNDECLARED_SELECTOR = YES;
				GCC_WARN_UNINITIALIZED_AUTOS = YES_AGGRESSIVE;
				GCC_WARN_UNUSED_FUNCTION = YES;
				GCC_WARN_UNUSED_VARIABLE = YES;
				IPHONEOS_DEPLOYMENT_TARGET = 11.0;
				MTL_ENABLE_DEBUG_INFO = YES;
				ONLY_ACTIVE_ARCH = YES;
				SDKROOT = iphoneos;
				SWIFT_ACTIVE_COMPILATION_CONDITIONS = DEBUG;
				SWIFT_OPTIMIZATION_LEVEL = "-Onone";
			};
			name = Debug;
		};
		6EFA83FF210E006D002E305D /* Release */ = {
			isa = XCBuildConfiguration;
			buildSettings = {
				ALWAYS_SEARCH_USER_PATHS = NO;
				CLANG_ANALYZER_NONNULL = YES;
				CLANG_ANALYZER_NUMBER_OBJECT_CONVERSION = YES_AGGRESSIVE;
				CLANG_CXX_LANGUAGE_STANDARD = "gnu++14";
				CLANG_CXX_LIBRARY = "libc++";
				CLANG_ENABLE_MODULES = YES;
				CLANG_ENABLE_OBJC_ARC = YES;
				CLANG_WARN_BLOCK_CAPTURE_AUTORELEASING = YES;
				CLANG_WARN_BOOL_CONVERSION = YES;
				CLANG_WARN_COMMA = YES;
				CLANG_WARN_CONSTANT_CONVERSION = YES;
				CLANG_WARN_DEPRECATED_OBJC_IMPLEMENTATIONS = YES;
				CLANG_WARN_DIRECT_OBJC_ISA_USAGE = YES_ERROR;
				CLANG_WARN_DOCUMENTATION_COMMENTS = YES;
				CLANG_WARN_EMPTY_BODY = YES;
				CLANG_WARN_ENUM_CONVERSION = YES;
				CLANG_WARN_INFINITE_RECURSION = YES;
				CLANG_WARN_INT_CONVERSION = YES;
				CLANG_WARN_NON_LITERAL_NULL_CONVERSION = YES;
				CLANG_WARN_OBJC_IMPLICIT_RETAIN_SELF = YES;
				CLANG_WARN_OBJC_LITERAL_CONVERSION = YES;
				CLANG_WARN_OBJC_ROOT_CLASS = YES_ERROR;
				CLANG_WARN_RANGE_LOOP_ANALYSIS = YES;
				CLANG_WARN_STRICT_PROTOTYPES = YES;
				CLANG_WARN_SUSPICIOUS_MOVE = YES;
				CLANG_WARN_UNGUARDED_AVAILABILITY = YES_AGGRESSIVE;
				CLANG_WARN_UNREACHABLE_CODE = YES;
				CLANG_WARN__DUPLICATE_METHOD_MATCH = YES;
				CODE_SIGN_IDENTITY = "iPhone Developer";
				COPY_PHASE_STRIP = NO;
				DEBUG_INFORMATION_FORMAT = "dwarf-with-dsym";
				ENABLE_NS_ASSERTIONS = NO;
				ENABLE_STRICT_OBJC_MSGSEND = YES;
				GCC_C_LANGUAGE_STANDARD = gnu11;
				GCC_NO_COMMON_BLOCKS = YES;
				GCC_WARN_64_TO_32_BIT_CONVERSION = YES;
				GCC_WARN_ABOUT_RETURN_TYPE = YES_ERROR;
				GCC_WARN_UNDECLARED_SELECTOR = YES;
				GCC_WARN_UNINITIALIZED_AUTOS = YES_AGGRESSIVE;
				GCC_WARN_UNUSED_FUNCTION = YES;
				GCC_WARN_UNUSED_VARIABLE = YES;
				IPHONEOS_DEPLOYMENT_TARGET = 11.0;
				MTL_ENABLE_DEBUG_INFO = NO;
				SDKROOT = iphoneos;
				SWIFT_OPTIMIZATION_LEVEL = "-Owholemodule";
				VALIDATE_PRODUCT = YES;
			};
			name = Release;
		};
		6EFA8401210E006D002E305D /* Debug */ = {
			isa = XCBuildConfiguration;
			baseConfigurationReference = 811CC32CDCB44ECE92FF9030 /* Pods-SimpleCMS.debug.xcconfig */;
			buildSettings = {
				ASSETCATALOG_COMPILER_APPICON_NAME = AppIcon;
				CODE_SIGN_STYLE = Automatic;
				DEVELOPMENT_TEAM = 5PNQM3FLC5;
				INFOPLIST_FILE = SimpleCMS/Info.plist;
				LD_RUNPATH_SEARCH_PATHS = "$(inherited) @executable_path/Frameworks";
				PRODUCT_BUNDLE_IDENTIFIER = nvanderperren.SimpleCMS;
				PRODUCT_NAME = "$(TARGET_NAME)";
				SWIFT_VERSION = 4.0;
				TARGETED_DEVICE_FAMILY = "1,2";
			};
			name = Debug;
		};
		6EFA8402210E006D002E305D /* Release */ = {
			isa = XCBuildConfiguration;
			baseConfigurationReference = AC5BF5F9E81031B6C17830CE /* Pods-SimpleCMS.release.xcconfig */;
			buildSettings = {
				ASSETCATALOG_COMPILER_APPICON_NAME = AppIcon;
				CODE_SIGN_STYLE = Automatic;
				DEVELOPMENT_TEAM = 5PNQM3FLC5;
				INFOPLIST_FILE = SimpleCMS/Info.plist;
				LD_RUNPATH_SEARCH_PATHS = "$(inherited) @executable_path/Frameworks";
				PRODUCT_BUNDLE_IDENTIFIER = nvanderperren.SimpleCMS;
				PRODUCT_NAME = "$(TARGET_NAME)";
				SWIFT_VERSION = 4.0;
				TARGETED_DEVICE_FAMILY = "1,2";
			};
			name = Release;
		};
		6EFA8404210E006D002E305D /* Debug */ = {
			isa = XCBuildConfiguration;
			baseConfigurationReference = 1CB9335689E0B19A43EA8682 /* Pods-SimpleCMSTests.debug.xcconfig */;
			buildSettings = {
				ALWAYS_EMBED_SWIFT_STANDARD_LIBRARIES = YES;
				BUNDLE_LOADER = "$(TEST_HOST)";
				CODE_SIGN_STYLE = Automatic;
				DEVELOPMENT_TEAM = 5PNQM3FLC5;
				INFOPLIST_FILE = SimpleCMSTests/Info.plist;
				LD_RUNPATH_SEARCH_PATHS = "$(inherited) @executable_path/Frameworks @loader_path/Frameworks";
				PRODUCT_BUNDLE_IDENTIFIER = nvanderperren.SimpleCMSTests;
				PRODUCT_NAME = "$(TARGET_NAME)";
				SWIFT_VERSION = 4.0;
				TARGETED_DEVICE_FAMILY = "1,2";
				TEST_HOST = "$(BUILT_PRODUCTS_DIR)/SimpleCMS.app/SimpleCMS";
			};
			name = Debug;
		};
		6EFA8405210E006D002E305D /* Release */ = {
			isa = XCBuildConfiguration;
			baseConfigurationReference = 7B15AA37FB33DCD503624E4D /* Pods-SimpleCMSTests.release.xcconfig */;
			buildSettings = {
				ALWAYS_EMBED_SWIFT_STANDARD_LIBRARIES = YES;
				BUNDLE_LOADER = "$(TEST_HOST)";
				CODE_SIGN_STYLE = Automatic;
				DEVELOPMENT_TEAM = 5PNQM3FLC5;
				INFOPLIST_FILE = SimpleCMSTests/Info.plist;
				LD_RUNPATH_SEARCH_PATHS = "$(inherited) @executable_path/Frameworks @loader_path/Frameworks";
				PRODUCT_BUNDLE_IDENTIFIER = nvanderperren.SimpleCMSTests;
				PRODUCT_NAME = "$(TARGET_NAME)";
				SWIFT_VERSION = 4.0;
				TARGETED_DEVICE_FAMILY = "1,2";
				TEST_HOST = "$(BUILT_PRODUCTS_DIR)/SimpleCMS.app/SimpleCMS";
			};
			name = Release;
		};
		6EFA8407210E006D002E305D /* Debug */ = {
			isa = XCBuildConfiguration;
			baseConfigurationReference = D015EB5DFD7F3C77E49A749E /* Pods-SimpleCMSUITests.debug.xcconfig */;
			buildSettings = {
				ALWAYS_EMBED_SWIFT_STANDARD_LIBRARIES = YES;
				CODE_SIGN_STYLE = Automatic;
				DEVELOPMENT_TEAM = 5PNQM3FLC5;
				INFOPLIST_FILE = SimpleCMSUITests/Info.plist;
				LD_RUNPATH_SEARCH_PATHS = "$(inherited) @executable_path/Frameworks @loader_path/Frameworks";
				PRODUCT_BUNDLE_IDENTIFIER = nvanderperren.SimpleCMSUITests;
				PRODUCT_NAME = "$(TARGET_NAME)";
				SWIFT_VERSION = 4.0;
				TARGETED_DEVICE_FAMILY = "1,2";
				TEST_TARGET_NAME = SimpleCMS;
			};
			name = Debug;
		};
		6EFA8408210E006D002E305D /* Release */ = {
			isa = XCBuildConfiguration;
			baseConfigurationReference = 4EC064F4B3D306A82E7A214A /* Pods-SimpleCMSUITests.release.xcconfig */;
			buildSettings = {
				ALWAYS_EMBED_SWIFT_STANDARD_LIBRARIES = YES;
				CODE_SIGN_STYLE = Automatic;
				DEVELOPMENT_TEAM = 5PNQM3FLC5;
				INFOPLIST_FILE = SimpleCMSUITests/Info.plist;
				LD_RUNPATH_SEARCH_PATHS = "$(inherited) @executable_path/Frameworks @loader_path/Frameworks";
				PRODUCT_BUNDLE_IDENTIFIER = nvanderperren.SimpleCMSUITests;
				PRODUCT_NAME = "$(TARGET_NAME)";
				SWIFT_VERSION = 4.0;
				TARGETED_DEVICE_FAMILY = "1,2";
				TEST_TARGET_NAME = SimpleCMS;
			};
			name = Release;
		};
/* End XCBuildConfiguration section */

/* Begin XCConfigurationList section */
		6EFA83D0210E006D002E305D /* Build configuration list for PBXProject "SimpleCMS" */ = {
			isa = XCConfigurationList;
			buildConfigurations = (
				6EFA83FE210E006D002E305D /* Debug */,
				6EFA83FF210E006D002E305D /* Release */,
			);
			defaultConfigurationIsVisible = 0;
			defaultConfigurationName = Release;
		};
		6EFA8400210E006D002E305D /* Build configuration list for PBXNativeTarget "SimpleCMS" */ = {
			isa = XCConfigurationList;
			buildConfigurations = (
				6EFA8401210E006D002E305D /* Debug */,
				6EFA8402210E006D002E305D /* Release */,
			);
			defaultConfigurationIsVisible = 0;
			defaultConfigurationName = Release;
		};
		6EFA8403210E006D002E305D /* Build configuration list for PBXNativeTarget "SimpleCMSTests" */ = {
			isa = XCConfigurationList;
			buildConfigurations = (
				6EFA8404210E006D002E305D /* Debug */,
				6EFA8405210E006D002E305D /* Release */,
			);
			defaultConfigurationIsVisible = 0;
			defaultConfigurationName = Release;
		};
		6EFA8406210E006D002E305D /* Build configuration list for PBXNativeTarget "SimpleCMSUITests" */ = {
			isa = XCConfigurationList;
			buildConfigurations = (
				6EFA8407210E006D002E305D /* Debug */,
				6EFA8408210E006D002E305D /* Release */,
			);
			defaultConfigurationIsVisible = 0;
			defaultConfigurationName = Release;
		};
/* End XCConfigurationList section */

/* Begin XCVersionGroup section */
		6EFA83DF210E006D002E305D /* SimpleCMS.xcdatamodeld */ = {
			isa = XCVersionGroup;
			children = (
				6EFA83E0210E006D002E305D /* SimpleCMS.xcdatamodel */,
			);
			currentVersion = 6EFA83E0210E006D002E305D /* SimpleCMS.xcdatamodel */;
			path = SimpleCMS.xcdatamodeld;
			sourceTree = "<group>";
			versionGroupType = wrapper.xcdatamodel;
		};
/* End XCVersionGroup section */
	};
	rootObject = 6EFA83CD210E006D002E305D /* Project object */;
}
